<?xml version="1.0" encoding="UTF-8" standalone="yes" ?>
<CodeBlocks_project_file>
	<FileVersion major="1" minor="6" />
	<Project>
		<Option title="CProject" />
		<Option pch_mode="2" />
		<Option compiler="gcc" />
		<Build>
			<Target title="Debug">
				<Option output="bin/Debug/CProject" prefix_auto="1" extension_auto="1" />
				<Option object_output="obj/Debug/" />
				<Option type="1" />
				<Option compiler="gcc" />
				<Compiler>
					<Add option="-g" />
					<Add directory="../bibliothèques graphiques/SDL2-2.0.12/include" />
				</Compiler>
				<Linker>
					<Add library="D:/Program Files (x86)/CodeBlocks/MinGW/lib/libmingw32.a" />
					<Add library="../bibliothèques graphiques/SDL2-2.0.12/lib/libSDL2main.a" />
					<Add library="../bibliothèques graphiques/SDL2-2.0.12/lib/libSDL2.dll.a" />
					<Add directory="../bibliothèques graphiques/SDL2-2.0.12/lib" />
				</Linker>
			</Target>
			<Target title="Release">
				<Option output="bin/Release/CProject" prefix_auto="1" extension_auto="1" />
				<Option object_output="obj/Release/" />
				<Option type="1" />
				<Option compiler="gcc" />
				<Compiler>
					<Add option="-O2" />
				</Compiler>
				<Linker>
					<Add option="-s" />
				</Linker>
			</Target>
		</Build>
		<Compiler>
			<Add option="-Wall" />
			<Add directory="../bibliothèques graphiques/curl-7.73.0_3-win32-mingw/include/curl" />
			<Add directory="C:/Program Files (x86)/MariaDB 10.5/include" />
		</Compiler>
		<Linker>
			<Add library="../bibliothèques graphiques/curl-7.73.0_3-win32-mingw/lib/libcurl.dll.a" />
			<Add library="C:/Program Files (x86)/MariaDB 10.5/lib/libmariadb.lib" />
			<Add library="C:/Program Files (x86)/MariaDB 10.5/lib/mariadbclient.lib" />
			<Add directory="C:/Program Files (x86)/MariaDB 10.5/lib" />
		</Linker>
		<Unit filename="main.c">
			<Option compilerVar="CC" />
		</Unit>
		<Extensions>
			<code_completion />
			<envvars />
			<debugger />
		</Extensions>
	</Project>
</CodeBlocks_project_file>
